
Microsoft Visual Studio Solution File, Format Version 12.00
# Visual Studio Version 17
VisualStudioVersion = 17.1.32421.90
MinimumVisualStudioVersion = 10.0.40219.1
Project("{FAE04EC0-301F-11D3-BF4B-00C04F79EFBC}") = "Northwind", "Northwind\Northwind.csProj", "{3633C50E-17AD-4EB9-ABA4-B11B1283F730}"
EndProject
Project("{FAE04EC0-301F-11D3-BF4B-00C04F79EFBC}") = "ENV", "ENV\ENV.csProj", "{69561E69-E116-4652-B564-FA5C28DC759B}"
EndProject
Project("{FAE04EC0-301F-11D3-BF4B-00C04F79EFBC}") = "NorthwindBase", "NorthwindBase\NorthwindBase.csProj", "{86084457-9C14-4543-A707-C47C6AECEC7E}"
EndProject
Project("{FAE04EC0-301F-11D3-BF4B-00C04F79EFBC}") = "NorthwindInterfaces", "NorthwindInterfaces\NorthwindInterfaces.csProj", "{662856D8-2FDD-4318-B637-D8EEA1E27D55}"
EndProject
Project("{FAE04EC0-301F-11D3-BF4B-00C04F79EFBC}") = "MVC", "MVC\MVC.csproj", "{BC92860B-E4FB-4BC0-AB57-B85B0581BA53}"
EndProject
Project("{FAE04EC0-301F-11D3-BF4B-00C04F79EFBC}") = "ENV.Web", "ENV.Web\ENV.Web.csproj", "{FC6B4960-8DB6-467F-BFD7-D386DEF73B4E}"
EndProject
Project("{FAE04EC0-301F-11D3-BF4B-00C04F79EFBC}") = "Northwind.Server", "Northwind.Server\Northwind.Server.csproj", "{0D9DDE8A-D937-487E-82C1-F9879FE3AA54}"
EndProject
Project("{FAE04EC0-301F-11D3-BF4B-00C04F79EFBC}") = "Northwind.Customers", "Northwind.Customers\Northwind.Customers.csproj", "{CFCA329F-710A-4A6A-8601-7CB1F09C6A79}"
EndProject
Project("{FAE04EC0-301F-11D3-BF4B-00C04F79EFBC}") = "Northwind.Orders", "Northwind.Orders\Northwind.Orders.csproj", "{701F38AC-410A-4542-97E8-0D18DF0A7021}"
EndProject
Project("{FAE04EC0-301F-11D3-BF4B-00C04F79EFBC}") = "BrowserWindow", "BrowserWindow\BrowserWindow.csproj", "{66906370-142F-4295-AF67-D0E26B8B20CD}"
EndProject
Global
	GlobalSection(SolutionConfigurationPlatforms) = preSolution
		Debug|Any CPU = Debug|Any CPU
		Release|Any CPU = Release|Any CPU
	EndGlobalSection
	GlobalSection(ProjectConfigurationPlatforms) = postSolution
		{3633C50E-17AD-4EB9-ABA4-B11B1283F730}.Debug|Any CPU.ActiveCfg = Debug|Any CPU
		{3633C50E-17AD-4EB9-ABA4-B11B1283F730}.Debug|Any CPU.Build.0 = Debug|Any CPU
		{3633C50E-17AD-4EB9-ABA4-B11B1283F730}.Release|Any CPU.ActiveCfg = Release|Any CPU
		{3633C50E-17AD-4EB9-ABA4-B11B1283F730}.Release|Any CPU.Build.0 = Release|Any CPU
		{69561E69-E116-4652-B564-FA5C28DC759B}.Debug|Any CPU.ActiveCfg = Debug|Any CPU
		{69561E69-E116-4652-B564-FA5C28DC759B}.Debug|Any CPU.Build.0 = Debug|Any CPU
		{69561E69-E116-4652-B564-FA5C28DC759B}.Release|Any CPU.ActiveCfg = Release|Any CPU
		{69561E69-E116-4652-B564-FA5C28DC759B}.Release|Any CPU.Build.0 = Release|Any CPU
		{86084457-9C14-4543-A707-C47C6AECEC7E}.Debug|Any CPU.ActiveCfg = Debug|Any CPU
		{86084457-9C14-4543-A707-C47C6AECEC7E}.Debug|Any CPU.Build.0 = Debug|Any CPU
		{86084457-9C14-4543-A707-C47C6AECEC7E}.Release|Any CPU.ActiveCfg = Release|Any CPU
		{86084457-9C14-4543-A707-C47C6AECEC7E}.Release|Any CPU.Build.0 = Release|Any CPU
		{662856D8-2FDD-4318-B637-D8EEA1E27D55}.Debug|Any CPU.ActiveCfg = Debug|Any CPU
		{662856D8-2FDD-4318-B637-D8EEA1E27D55}.Debug|Any CPU.Build.0 = Debug|Any CPU
		{662856D8-2FDD-4318-B637-D8EEA1E27D55}.Release|Any CPU.ActiveCfg = Release|Any CPU
		{662856D8-2FDD-4318-B637-D8EEA1E27D55}.Release|Any CPU.Build.0 = Release|Any CPU
		{BC92860B-E4FB-4BC0-AB57-B85B0581BA53}.Debug|Any CPU.ActiveCfg = Debug|Any CPU
		{BC92860B-E4FB-4BC0-AB57-B85B0581BA53}.Debug|Any CPU.Build.0 = Debug|Any CPU
		{BC92860B-E4FB-4BC0-AB57-B85B0581BA53}.Release|Any CPU.ActiveCfg = Release|Any CPU
		{BC92860B-E4FB-4BC0-AB57-B85B0581BA53}.Release|Any CPU.Build.0 = Release|Any CPU
		{FC6B4960-8DB6-467F-BFD7-D386DEF73B4E}.Debug|Any CPU.ActiveCfg = Debug|Any CPU
		{FC6B4960-8DB6-467F-BFD7-D386DEF73B4E}.Debug|Any CPU.Build.0 = Debug|Any CPU
		{FC6B4960-8DB6-467F-BFD7-D386DEF73B4E}.Release|Any CPU.ActiveCfg = Release|Any CPU
		{FC6B4960-8DB6-467F-BFD7-D386DEF73B4E}.Release|Any CPU.Build.0 = Release|Any CPU
		{0D9DDE8A-D937-487E-82C1-F9879FE3AA54}.Debug|Any CPU.ActiveCfg = Debug|Any CPU
		{0D9DDE8A-D937-487E-82C1-F9879FE3AA54}.Debug|Any CPU.Build.0 = Debug|Any CPU
		{0D9DDE8A-D937-487E-82C1-F9879FE3AA54}.Release|Any CPU.ActiveCfg = Release|Any CPU
		{0D9DDE8A-D937-487E-82C1-F9879FE3AA54}.Release|Any CPU.Build.0 = Release|Any CPU
		{CFCA329F-710A-4A6A-8601-7CB1F09C6A79}.Debug|Any CPU.ActiveCfg = Debug|Any CPU
		{CFCA329F-710A-4A6A-8601-7CB1F09C6A79}.Debug|Any CPU.Build.0 = Debug|Any CPU
		{CFCA329F-710A-4A6A-8601-7CB1F09C6A79}.Release|Any CPU.ActiveCfg = Release|Any CPU
		{CFCA329F-710A-4A6A-8601-7CB1F09C6A79}.Release|Any CPU.Build.0 = Release|Any CPU
		{701F38AC-410A-4542-97E8-0D18DF0A7021}.Debug|Any CPU.ActiveCfg = Debug|Any CPU
		{701F38AC-410A-4542-97E8-0D18DF0A7021}.Debug|Any CPU.Build.0 = Debug|Any CPU
		{701F38AC-410A-4542-97E8-0D18DF0A7021}.Release|Any CPU.ActiveCfg = Release|Any CPU
		{701F38AC-410A-4542-97E8-0D18DF0A7021}.Release|Any CPU.Build.0 = Release|Any CPU
		{66906370-142F-4295-AF67-D0E26B8B20CD}.Debug|Any CPU.ActiveCfg = Debug|Any CPU
		{66906370-142F-4295-AF67-D0E26B8B20CD}.Debug|Any CPU.Build.0 = Debug|Any CPU
		{66906370-142F-4295-AF67-D0E26B8B20CD}.Release|Any CPU.ActiveCfg = Release|Any CPU
		{66906370-142F-4295-AF67-D0E26B8B20CD}.Release|Any CPU.Build.0 = Release|Any CPU
	EndGlobalSection
	GlobalSection(SolutionProperties) = preSolution
		HideSolutionNode = FALSE
	EndGlobalSection
	GlobalSection(ExtensibilityGlobals) = postSolution
		SolutionGuid = {AEE15854-3FA7-4FA4-A91E-5D3ABF3151BF}
	EndGlobalSection
EndGlobal
