
Microsoft Visual Studio Solution File, Format Version 12.00
# Visual Studio Version 17
VisualStudioVersion = 17.1.32421.90
MinimumVisualStudioVersion = 10.0.40219.1
Project("{FAE04EC0-301F-11D3-BF4B-00C04F79EFBC}") = "Northwind", "Northwind\Northwind.csProj", "{66E96575-DB50-49F6-ADA8-C94996995732}"
EndProject
Project("{FAE04EC0-301F-11D3-BF4B-00C04F79EFBC}") = "ENV", "ENV\ENV.csProj", "{7E134524-3BC4-4AE3-A476-088D27134F45}"
EndProject
Project("{FAE04EC0-301F-11D3-BF4B-00C04F79EFBC}") = "NorthwindBase", "NorthwindBase\NorthwindBase.csProj", "{7F26FD42-BAD5-4AE8-A071-BC2AAE9B84A9}"
EndProject
Project("{FAE04EC0-301F-11D3-BF4B-00C04F79EFBC}") = "NorthwindInterfaces", "NorthwindInterfaces\NorthwindInterfaces.csProj", "{2987A168-656E-4BE2-BCED-13AC573BF64E}"
EndProject
Project("{FAE04EC0-301F-11D3-BF4B-00C04F79EFBC}") = "MVC", "MVC\MVC.csproj", "{BC92860B-E4FB-4BC0-AB57-B85B0581BA53}"
EndProject
Project("{FAE04EC0-301F-11D3-BF4B-00C04F79EFBC}") = "ENV.Web", "ENV.Web\ENV.Web.csproj", "{FC6B4960-8DB6-467F-BFD7-D386DEF73B4E}"
EndProject
Project("{FAE04EC0-301F-11D3-BF4B-00C04F79EFBC}") = "Northwind.Server", "Northwind.Server\Northwind.Server.csproj", "{0D9DDE8A-D937-487E-82C1-F9879FE3AA54}"
EndProject
Project("{FAE04EC0-301F-11D3-BF4B-00C04F79EFBC}") = "Northwind.Customers", "Northwind.Customers\Northwind.Customers.csproj", "{C0A21BD1-9BFC-4E8F-92CE-4C53929C754D}"
EndProject
Project("{FAE04EC0-301F-11D3-BF4B-00C04F79EFBC}") = "Northwind.Orders", "Northwind.Orders\Northwind.Orders.csproj", "{D960F3F8-C331-43D5-A6E6-87134C363A4F}"
EndProject
Global
	GlobalSection(SolutionConfigurationPlatforms) = preSolution
		Debug|Any CPU = Debug|Any CPU
		Release|Any CPU = Release|Any CPU
	EndGlobalSection
	GlobalSection(ProjectConfigurationPlatforms) = postSolution
		{66E96575-DB50-49F6-ADA8-C94996995732}.Debug|Any CPU.ActiveCfg = Debug|Any CPU
		{66E96575-DB50-49F6-ADA8-C94996995732}.Debug|Any CPU.Build.0 = Debug|Any CPU
		{66E96575-DB50-49F6-ADA8-C94996995732}.Release|Any CPU.ActiveCfg = Release|Any CPU
		{66E96575-DB50-49F6-ADA8-C94996995732}.Release|Any CPU.Build.0 = Release|Any CPU
		{7E134524-3BC4-4AE3-A476-088D27134F45}.Debug|Any CPU.ActiveCfg = Debug|Any CPU
		{7E134524-3BC4-4AE3-A476-088D27134F45}.Debug|Any CPU.Build.0 = Debug|Any CPU
		{7E134524-3BC4-4AE3-A476-088D27134F45}.Release|Any CPU.ActiveCfg = Release|Any CPU
		{7E134524-3BC4-4AE3-A476-088D27134F45}.Release|Any CPU.Build.0 = Release|Any CPU
		{7F26FD42-BAD5-4AE8-A071-BC2AAE9B84A9}.Debug|Any CPU.ActiveCfg = Debug|Any CPU
		{7F26FD42-BAD5-4AE8-A071-BC2AAE9B84A9}.Debug|Any CPU.Build.0 = Debug|Any CPU
		{7F26FD42-BAD5-4AE8-A071-BC2AAE9B84A9}.Release|Any CPU.ActiveCfg = Release|Any CPU
		{7F26FD42-BAD5-4AE8-A071-BC2AAE9B84A9}.Release|Any CPU.Build.0 = Release|Any CPU
		{2987A168-656E-4BE2-BCED-13AC573BF64E}.Debug|Any CPU.ActiveCfg = Debug|Any CPU
		{2987A168-656E-4BE2-BCED-13AC573BF64E}.Debug|Any CPU.Build.0 = Debug|Any CPU
		{2987A168-656E-4BE2-BCED-13AC573BF64E}.Release|Any CPU.ActiveCfg = Release|Any CPU
		{2987A168-656E-4BE2-BCED-13AC573BF64E}.Release|Any CPU.Build.0 = Release|Any CPU
		{BC92860B-E4FB-4BC0-AB57-B85B0581BA53}.Debug|Any CPU.ActiveCfg = Debug|Any CPU
		{BC92860B-E4FB-4BC0-AB57-B85B0581BA53}.Debug|Any CPU.Build.0 = Debug|Any CPU
		{BC92860B-E4FB-4BC0-AB57-B85B0581BA53}.Release|Any CPU.ActiveCfg = Release|Any CPU
		{BC92860B-E4FB-4BC0-AB57-B85B0581BA53}.Release|Any CPU.Build.0 = Release|Any CPU
		{FC6B4960-8DB6-467F-BFD7-D386DEF73B4E}.Debug|Any CPU.ActiveCfg = Debug|Any CPU
		{FC6B4960-8DB6-467F-BFD7-D386DEF73B4E}.Debug|Any CPU.Build.0 = Debug|Any CPU
		{FC6B4960-8DB6-467F-BFD7-D386DEF73B4E}.Release|Any CPU.ActiveCfg = Release|Any CPU
		{FC6B4960-8DB6-467F-BFD7-D386DEF73B4E}.Release|Any CPU.Build.0 = Release|Any CPU
		{0D9DDE8A-D937-487E-82C1-F9879FE3AA54}.Debug|Any CPU.ActiveCfg = Debug|Any CPU
		{0D9DDE8A-D937-487E-82C1-F9879FE3AA54}.Debug|Any CPU.Build.0 = Debug|Any CPU
		{0D9DDE8A-D937-487E-82C1-F9879FE3AA54}.Release|Any CPU.ActiveCfg = Release|Any CPU
		{0D9DDE8A-D937-487E-82C1-F9879FE3AA54}.Release|Any CPU.Build.0 = Release|Any CPU
		{C0A21BD1-9BFC-4E8F-92CE-4C53929C754D}.Debug|Any CPU.ActiveCfg = Debug|Any CPU
		{C0A21BD1-9BFC-4E8F-92CE-4C53929C754D}.Debug|Any CPU.Build.0 = Debug|Any CPU
		{C0A21BD1-9BFC-4E8F-92CE-4C53929C754D}.Release|Any CPU.ActiveCfg = Release|Any CPU
		{C0A21BD1-9BFC-4E8F-92CE-4C53929C754D}.Release|Any CPU.Build.0 = Release|Any CPU
		{D960F3F8-C331-43D5-A6E6-87134C363A4F}.Debug|Any CPU.ActiveCfg = Debug|Any CPU
		{D960F3F8-C331-43D5-A6E6-87134C363A4F}.Debug|Any CPU.Build.0 = Debug|Any CPU
		{D960F3F8-C331-43D5-A6E6-87134C363A4F}.Release|Any CPU.ActiveCfg = Release|Any CPU
		{D960F3F8-C331-43D5-A6E6-87134C363A4F}.Release|Any CPU.Build.0 = Release|Any CPU
	EndGlobalSection
	GlobalSection(SolutionProperties) = preSolution
		HideSolutionNode = FALSE
	EndGlobalSection
	GlobalSection(ExtensibilityGlobals) = postSolution
		SolutionGuid = {AEE15854-3FA7-4FA4-A91E-5D3ABF3151BF}
	EndGlobalSection
EndGlobal
