
Microsoft Visual Studio Solution File, Format Version 12.00
# Visual Studio Version 18
VisualStudioVersion = 18.1.11304.174
MinimumVisualStudioVersion = 10.0.40219.1
Project("{FAE04EC0-301F-11D3-BF4B-00C04F79EFBC}") = "Northwind", "Northwind\Northwind.csProj", "{E68F89C2-006F-4F04-8277-B9BC71D47500}"
EndProject
Project("{FAE04EC0-301F-11D3-BF4B-00C04F79EFBC}") = "ENV", "ENV\ENV.csProj", "{FA32E5E8-5301-4946-BC3B-E2C650E5E93A}"
EndProject
Project("{FAE04EC0-301F-11D3-BF4B-00C04F79EFBC}") = "NorthwindBase", "NorthwindBase\NorthwindBase.csProj", "{3419E35A-6D16-4659-A98B-B1B6BF9D99E3}"
EndProject
Project("{FAE04EC0-301F-11D3-BF4B-00C04F79EFBC}") = "NorthwindInterfaces", "NorthwindInterfaces\NorthwindInterfaces.csProj", "{72A7CC56-10E9-4D4E-9B36-04B043CE2723}"
EndProject
Project("{FAE04EC0-301F-11D3-BF4B-00C04F79EFBC}") = "MVC", "MVC\MVC.csproj", "{BC92860B-E4FB-4BC0-AB57-B85B0581BA53}"
EndProject
Project("{FAE04EC0-301F-11D3-BF4B-00C04F79EFBC}") = "ENV.Web", "ENV.Web\ENV.Web.csproj", "{FC6B4960-8DB6-467F-BFD7-D386DEF73B4E}"
EndProject
Project("{FAE04EC0-301F-11D3-BF4B-00C04F79EFBC}") = "Northwind.Server", "Northwind.Server\Northwind.Server.csproj", "{0D9DDE8A-D937-487E-82C1-F9879FE3AA54}"
EndProject
Project("{FAE04EC0-301F-11D3-BF4B-00C04F79EFBC}") = "Northwind.Customers", "Northwind.Customers\Northwind.Customers.csproj", "{911E31FE-6B3C-4A73-B012-4BF84A980816}"
EndProject
Project("{FAE04EC0-301F-11D3-BF4B-00C04F79EFBC}") = "Northwind.Orders", "Northwind.Orders\Northwind.Orders.csproj", "{38491476-89A7-4AA9-8E17-FAE6E1A52E75}"
EndProject
Project("{FAE04EC0-301F-11D3-BF4B-00C04F79EFBC}") = "BrowserWindow", "BrowserWindow\BrowserWindow.csproj", "{66906370-142F-4295-AF67-D0E26B8B20CD}"
EndProject
Project("{FAE04EC0-301F-11D3-BF4B-00C04F79EFBC}") = "Northwind.Products", "Northwind.Products\Northwind.Products.csproj", "{F2669BF4-F696-84D2-3A1D-FF76111FFF3E}"
EndProject
Project("{FAE04EC0-301F-11D3-BF4B-00C04F79EFBC}") = "WebCore", "WebCore\WebCore.csproj", "{2B47A010-1C1E-6A7F-703D-5BDA4F878BB8}"
EndProject
Global
	GlobalSection(SolutionConfigurationPlatforms) = preSolution
		Debug|Any CPU = Debug|Any CPU
		Release|Any CPU = Release|Any CPU
	EndGlobalSection
	GlobalSection(ProjectConfigurationPlatforms) = postSolution
		{E68F89C2-006F-4F04-8277-B9BC71D47500}.Debug|Any CPU.ActiveCfg = Debug|Any CPU
		{E68F89C2-006F-4F04-8277-B9BC71D47500}.Debug|Any CPU.Build.0 = Debug|Any CPU
		{E68F89C2-006F-4F04-8277-B9BC71D47500}.Release|Any CPU.ActiveCfg = Release|Any CPU
		{E68F89C2-006F-4F04-8277-B9BC71D47500}.Release|Any CPU.Build.0 = Release|Any CPU
		{FA32E5E8-5301-4946-BC3B-E2C650E5E93A}.Debug|Any CPU.ActiveCfg = Debug|Any CPU
		{FA32E5E8-5301-4946-BC3B-E2C650E5E93A}.Debug|Any CPU.Build.0 = Debug|Any CPU
		{FA32E5E8-5301-4946-BC3B-E2C650E5E93A}.Release|Any CPU.ActiveCfg = Release|Any CPU
		{FA32E5E8-5301-4946-BC3B-E2C650E5E93A}.Release|Any CPU.Build.0 = Release|Any CPU
		{3419E35A-6D16-4659-A98B-B1B6BF9D99E3}.Debug|Any CPU.ActiveCfg = Debug|Any CPU
		{3419E35A-6D16-4659-A98B-B1B6BF9D99E3}.Debug|Any CPU.Build.0 = Debug|Any CPU
		{3419E35A-6D16-4659-A98B-B1B6BF9D99E3}.Release|Any CPU.ActiveCfg = Release|Any CPU
		{3419E35A-6D16-4659-A98B-B1B6BF9D99E3}.Release|Any CPU.Build.0 = Release|Any CPU
		{72A7CC56-10E9-4D4E-9B36-04B043CE2723}.Debug|Any CPU.ActiveCfg = Debug|Any CPU
		{72A7CC56-10E9-4D4E-9B36-04B043CE2723}.Debug|Any CPU.Build.0 = Debug|Any CPU
		{72A7CC56-10E9-4D4E-9B36-04B043CE2723}.Release|Any CPU.ActiveCfg = Release|Any CPU
		{72A7CC56-10E9-4D4E-9B36-04B043CE2723}.Release|Any CPU.Build.0 = Release|Any CPU
		{BC92860B-E4FB-4BC0-AB57-B85B0581BA53}.Debug|Any CPU.ActiveCfg = Debug|Any CPU
		{BC92860B-E4FB-4BC0-AB57-B85B0581BA53}.Debug|Any CPU.Build.0 = Debug|Any CPU
		{BC92860B-E4FB-4BC0-AB57-B85B0581BA53}.Release|Any CPU.ActiveCfg = Release|Any CPU
		{BC92860B-E4FB-4BC0-AB57-B85B0581BA53}.Release|Any CPU.Build.0 = Release|Any CPU
		{FC6B4960-8DB6-467F-BFD7-D386DEF73B4E}.Debug|Any CPU.ActiveCfg = Debug|Any CPU
		{FC6B4960-8DB6-467F-BFD7-D386DEF73B4E}.Debug|Any CPU.Build.0 = Debug|Any CPU
		{FC6B4960-8DB6-467F-BFD7-D386DEF73B4E}.Release|Any CPU.ActiveCfg = Release|Any CPU
		{FC6B4960-8DB6-467F-BFD7-D386DEF73B4E}.Release|Any CPU.Build.0 = Release|Any CPU
		{0D9DDE8A-D937-487E-82C1-F9879FE3AA54}.Debug|Any CPU.ActiveCfg = Debug|Any CPU
		{0D9DDE8A-D937-487E-82C1-F9879FE3AA54}.Debug|Any CPU.Build.0 = Debug|Any CPU
		{0D9DDE8A-D937-487E-82C1-F9879FE3AA54}.Release|Any CPU.ActiveCfg = Release|Any CPU
		{0D9DDE8A-D937-487E-82C1-F9879FE3AA54}.Release|Any CPU.Build.0 = Release|Any CPU
		{911E31FE-6B3C-4A73-B012-4BF84A980816}.Debug|Any CPU.ActiveCfg = Debug|Any CPU
		{911E31FE-6B3C-4A73-B012-4BF84A980816}.Debug|Any CPU.Build.0 = Debug|Any CPU
		{911E31FE-6B3C-4A73-B012-4BF84A980816}.Release|Any CPU.ActiveCfg = Release|Any CPU
		{911E31FE-6B3C-4A73-B012-4BF84A980816}.Release|Any CPU.Build.0 = Release|Any CPU
		{38491476-89A7-4AA9-8E17-FAE6E1A52E75}.Debug|Any CPU.ActiveCfg = Debug|Any CPU
		{38491476-89A7-4AA9-8E17-FAE6E1A52E75}.Debug|Any CPU.Build.0 = Debug|Any CPU
		{38491476-89A7-4AA9-8E17-FAE6E1A52E75}.Release|Any CPU.ActiveCfg = Release|Any CPU
		{38491476-89A7-4AA9-8E17-FAE6E1A52E75}.Release|Any CPU.Build.0 = Release|Any CPU
		{66906370-142F-4295-AF67-D0E26B8B20CD}.Debug|Any CPU.ActiveCfg = Debug|Any CPU
		{66906370-142F-4295-AF67-D0E26B8B20CD}.Debug|Any CPU.Build.0 = Debug|Any CPU
		{66906370-142F-4295-AF67-D0E26B8B20CD}.Release|Any CPU.ActiveCfg = Release|Any CPU
		{66906370-142F-4295-AF67-D0E26B8B20CD}.Release|Any CPU.Build.0 = Release|Any CPU
		{F2669BF4-F696-84D2-3A1D-FF76111FFF3E}.Debug|Any CPU.ActiveCfg = Debug|Any CPU
		{F2669BF4-F696-84D2-3A1D-FF76111FFF3E}.Debug|Any CPU.Build.0 = Debug|Any CPU
		{F2669BF4-F696-84D2-3A1D-FF76111FFF3E}.Release|Any CPU.ActiveCfg = Release|Any CPU
		{F2669BF4-F696-84D2-3A1D-FF76111FFF3E}.Release|Any CPU.Build.0 = Release|Any CPU
		{2B47A010-1C1E-6A7F-703D-5BDA4F878BB8}.Debug|Any CPU.ActiveCfg = Debug|Any CPU
		{2B47A010-1C1E-6A7F-703D-5BDA4F878BB8}.Debug|Any CPU.Build.0 = Debug|Any CPU
		{2B47A010-1C1E-6A7F-703D-5BDA4F878BB8}.Release|Any CPU.ActiveCfg = Release|Any CPU
		{2B47A010-1C1E-6A7F-703D-5BDA4F878BB8}.Release|Any CPU.Build.0 = Release|Any CPU
	EndGlobalSection
	GlobalSection(SolutionProperties) = preSolution
		HideSolutionNode = FALSE
	EndGlobalSection
	GlobalSection(ExtensibilityGlobals) = postSolution
		SolutionGuid = {AEE15854-3FA7-4FA4-A91E-5D3ABF3151BF}
	EndGlobalSection
EndGlobal
